
Microsoft Visual Studio Solution File, Format Version 12.00
# Visual Studio 15
VisualStudioVersion = 15.0.27703.2042
MinimumVisualStudioVersion = 10.0.40219.1
Project("{FAE04EC0-301F-11D3-BF4B-00C04F79EFBC}") = "PracticeInterface", "PracticeInterface\PracticeInterface.csproj", "{D6A6B210-021F-4416-81F5-8C4D1D16DE8A}"
EndProject
Global
	GlobalSection(SolutionConfigurationPlatforms) = preSolution
		Debug|Any CPU = Debug|Any CPU
		Release|Any CPU = Release|Any CPU
	EndGlobalSection
	GlobalSection(ProjectConfigurationPlatforms) = postSolution
		{D6A6B210-021F-4416-81F5-8C4D1D16DE8A}.Debug|Any CPU.ActiveCfg = Debug|Any CPU
		{D6A6B210-021F-4416-81F5-8C4D1D16DE8A}.Debug|Any CPU.Build.0 = Debug|Any CPU
		{D6A6B210-021F-4416-81F5-8C4D1D16DE8A}.Release|Any CPU.ActiveCfg = Release|Any CPU
		{D6A6B210-021F-4416-81F5-8C4D1D16DE8A}.Release|Any CPU.Build.0 = Release|Any CPU
	EndGlobalSection
	GlobalSection(SolutionProperties) = preSolution
		HideSolutionNode = FALSE
	EndGlobalSection
	GlobalSection(ExtensibilityGlobals) = postSolution
		SolutionGuid = {9CD599BA-0ED4-476E-B7D7-73CAB96CFF77}
	EndGlobalSection
EndGlobal
